
Microsoft Visual Studio Solution File, Format Version 12.00
# Visual Studio 15
VisualStudioVersion = 15.0.28010.2046
MinimumVisualStudioVersion = 10.0.40219.1
Project("{FAE04EC0-301F-11D3-BF4B-00C04F79EFBC}") = "DataBase Demo 2", "DataBase Demo 2\DataBase Demo 2.csproj", "{D31F800A-210C-47D6-BE74-F8AD5B44B5AE}"
EndProject
Global
	GlobalSection(SolutionConfigurationPlatforms) = preSolution
		Debug|Any CPU = Debug|Any CPU
		Release|Any CPU = Release|Any CPU
	EndGlobalSection
	GlobalSection(ProjectConfigurationPlatforms) = postSolution
		{D31F800A-210C-47D6-BE74-F8AD5B44B5AE}.Debug|Any CPU.ActiveCfg = Debug|Any CPU
		{D31F800A-210C-47D6-BE74-F8AD5B44B5AE}.Debug|Any CPU.Build.0 = Debug|Any CPU
		{D31F800A-210C-47D6-BE74-F8AD5B44B5AE}.Release|Any CPU.ActiveCfg = Release|Any CPU
		{D31F800A-210C-47D6-BE74-F8AD5B44B5AE}.Release|Any CPU.Build.0 = Release|Any CPU
	EndGlobalSection
	GlobalSection(SolutionProperties) = preSolution
		HideSolutionNode = FALSE
	EndGlobalSection
	GlobalSection(ExtensibilityGlobals) = postSolution
		SolutionGuid = {A911A22E-2080-4297-B273-81C71F07D4F8}
	EndGlobalSection
EndGlobal
